PODS:
  - Alamofire (4.1.0)
  - Charts (3.0.0):
    - Charts/Core (= 3.0.0)
  - Charts/Core (3.0.0)
  - CorePlot (2.2)
  - Firebase/Core (3.10.0):
    - FirebaseAnalytics (= 3.6.0)
    - FirebaseCore (= 3.4.5)
  - Firebase/Messaging (3.10.0):
    - Firebase/Core
    - FirebaseMessaging (= 1.2.1)
  - FirebaseAnalytics (3.6.0):
    - FirebaseCore (~> 3.4)
    - FirebaseInstanceID (~> 1.0)
    - GoogleInterchangeUtilities (~> 1.2)
    - GoogleSymbolUtilities (~> 1.1)
    - GoogleToolboxForMac/NSData+zlib (~> 2.1)
  - FirebaseCore (3.4.5):
    - GoogleInterchangeUtilities (~> 1.2)
    - GoogleToolboxForMac/NSData+zlib (~> 2.1)
  - FirebaseInstanceID (1.0.8)
  - FirebaseMessaging (1.2.1):
    - FirebaseAnalytics (~> 3.4)
    - FirebaseInstanceID (~> 1.0)
    - GoogleInterchangeUtilities (~> 1.2)
    - GoogleSymbolUtilities (~> 1.1)
    - GoogleToolboxForMac/Logger (~> 2.1)
  - FSCalendar (2.3.0)
  - GoogleInterchangeUtilities (1.2.2):
    - GoogleSymbolUtilities (~> 1.1)
  - GoogleSymbolUtilities (1.1.2)
  - GoogleToolboxForMac/Defines (2.1.0)
  - GoogleToolboxForMac/Logger (2.1.0):
    - GoogleToolboxForMac/Defines (= 2.1.0)
  - GoogleToolboxForMac/NSData+zlib (2.1.0):
    - GoogleToolboxForMac/Defines (= 2.1.0)
  - Realm (2.0.4):
    - Realm/Headers (= 2.0.4)
  - Realm/Headers (2.0.4)
  - RealmSwift (2.0.4):
    - Realm (= 2.0.4)

DEPENDENCIES:
  - Alamofire (~> 4.0)
  - Charts (from `https://github.com/danielgindi/Charts.git`, branch `master`)
  - CorePlot (~> 2.2)
  - Firebase/Core
  - Firebase/Messaging
  - FSCalendar
  - RealmSwift (~> 2.0.2)

EXTERNAL SOURCES:
  Charts:
    :branch: master
    :git: https://github.com/danielgindi/Charts.git

CHECKOUT OPTIONS:
  Charts:
    :commit: 9a3f389de2e161b1af35fab025524aac9e60ddfd
    :git: https://github.com/danielgindi/Charts.git

SPEC CHECKSUMS:
  Alamofire: e266cf991b933498df791e645e0d8ac294492153
  Charts: 3f0da988b104c8e5f069fcef55da699f597dac67
  CorePlot: cbe0c6e14220705e32e06a89c7d6a5a908b7d7d8
  Firebase: 387f37c7dca894a02708da9ff35ba147040eae9e
  FirebaseAnalytics: 9c67af0ebeb8d2146c9b4ea2616439affa947b58
  FirebaseCore: 1e383fdfe37b6b5d6ff88e84204bdee30276af0f
  FirebaseInstanceID: ba1e640935235e5fac39dfa816fe7660e72e1a8a
  FirebaseMessaging: acf66347e43c5637c697060c3001d25c809a4131
  FSCalendar: cbcca5ee332cf8d348db77ccda6b029ced42f84a
  GoogleInterchangeUtilities: d5bc4d88d5b661ab72f9d70c58d02ca8c27ad1f7
  GoogleSymbolUtilities: 631ee17048aa5e9ab133470d768ea997a5ef9b96
  GoogleToolboxForMac: 2b2596cbb7186865e98cadf2b1e262d851c2b168
  Realm: 9da97f48365f8b99dd95c28d45ad8222d62e1775
  RealmSwift: 01e8db006035f16003e6307ae8eae1adccce68db

PODFILE CHECKSUM: 69f06fa5ab3e518b417041b3680cd83127276c37

COCOAPODS: 1.0.1
